// !$*UTF8*$!
{
	archiveVersion = 1;
	classes = {
	};
	objectVersion = 46;
	objects = {

/* Begin PBXBuildFile section */
		0461E4591AB0C8FD00AA5779 /* MyCollectionViewCell.m in Sources */ = {isa = PBXBuildFile; fileRef = 0461E4581AB0C8FD00AA5779 /* MyCollectionViewCell.m */; };
		04781C031AA6608B002BEC5E /* MediaFullScreenViewController.m in Sources */ = {isa = PBXBuildFile; fileRef = 04781C021AA6608B002BEC5E /* MediaFullScreenViewController.m */; };
		04781C091AA670A0002BEC5E /* MediaFullScreenAnimator.m in Sources */ = {isa = PBXBuildFile; fileRef = 04781C081AA670A0002BEC5E /* MediaFullScreenAnimator.m */; };
		04781C0C1AA79247002BEC5E /* ActivityViewController.m in Sources */ = {isa = PBXBuildFile; fileRef = 04781C0B1AA79247002BEC5E /* ActivityViewController.m */; };
		04781C1B1AA8BC75002BEC5E /* CircleSpinnerView.m in Sources */ = {isa = PBXBuildFile; fileRef = 04781C1A1AA8BC75002BEC5E /* CircleSpinnerView.m */; };
		04781C1E1AA8E6B3002BEC5E /* LikeButton.m in Sources */ = {isa = PBXBuildFile; fileRef = 04781C1D1AA8E6B3002BEC5E /* LikeButton.m */; };
		04781C211AA9F76F002BEC5E /* ComposeCommentView.m in Sources */ = {isa = PBXBuildFile; fileRef = 04781C201AA9F76F002BEC5E /* ComposeCommentView.m */; };
		04A06ECF1AADF275009E8BD6 /* CameraToolbar.m in Sources */ = {isa = PBXBuildFile; fileRef = 04A06ECE1AADF275009E8BD6 /* CameraToolbar.m */; };
		04A06ED21AADF8B7009E8BD6 /* CameraViewController.m in Sources */ = {isa = PBXBuildFile; fileRef = 04A06ED11AADF8B7009E8BD6 /* CameraViewController.m */; };
		04A06ED51AAE16EF009E8BD6 /* UIImage+BLCImageUtilities.m in Sources */ = {isa = PBXBuildFile; fileRef = 04A06ED41AAE16EF009E8BD6 /* UIImage+BLCImageUtilities.m */; };
		04A06ED81AAE2A99009E8BD6 /* CropBox.m in Sources */ = {isa = PBXBuildFile; fileRef = 04A06ED71AAE2A99009E8BD6 /* CropBox.m */; };
		04A06EDB1AAE341C009E8BD6 /* CropImageViewController.m in Sources */ = {isa = PBXBuildFile; fileRef = 04A06EDA1AAE341C009E8BD6 /* CropImageViewController.m */; };
		04A06EDE1AAE3A43009E8BD6 /* ImageLibraryViewController.m in Sources */ = {isa = PBXBuildFile; fileRef = 04A06EDD1AAE3A43009E8BD6 /* ImageLibraryViewController.m */; };
		04A06EE11AAF62EE009E8BD6 /* PostToInstagramViewController.m in Sources */ = {isa = PBXBuildFile; fileRef = 04A06EE01AAF62EE009E8BD6 /* PostToInstagramViewController.m */; };
		04ED7B5C1AA0B5BB00D36E0C /* main.m in Sources */ = {isa = PBXBuildFile; fileRef = 04ED7B5B1AA0B5BB00D36E0C /* main.m */; };
		04ED7B5F1AA0B5BB00D36E0C /* AppDelegate.m in Sources */ = {isa = PBXBuildFile; fileRef = 04ED7B5E1AA0B5BB00D36E0C /* AppDelegate.m */; };
		04ED7B651AA0B5BB00D36E0C /* Main.storyboard in Resources */ = {isa = PBXBuildFile; fileRef = 04ED7B631AA0B5BB00D36E0C /* Main.storyboard */; };
		04ED7B671AA0B5BB00D36E0C /* Images.xcassets in Resources */ = {isa = PBXBuildFile; fileRef = 04ED7B661AA0B5BB00D36E0C /* Images.xcassets */; };
		04ED7B6A1AA0B5BB00D36E0C /* LaunchScreen.xib in Resources */ = {isa = PBXBuildFile; fileRef = 04ED7B681AA0B5BB00D36E0C /* LaunchScreen.xib */; };
		04ED7B761AA0B5BB00D36E0C /* BlocstagramTests.m in Sources */ = {isa = PBXBuildFile; fileRef = 04ED7B751AA0B5BB00D36E0C /* BlocstagramTests.m */; };
		04ED7B811AA0B69000D36E0C /* ImagesTableViewController.m in Sources */ = {isa = PBXBuildFile; fileRef = 04ED7B801AA0B69000D36E0C /* ImagesTableViewController.m */; };
		04ED7B9C1AA0CDEE00D36E0C /* User.m in Sources */ = {isa = PBXBuildFile; fileRef = 04ED7B9B1AA0CDEE00D36E0C /* User.m */; };
		04ED7B9F1AA0CE3000D36E0C /* Media.m in Sources */ = {isa = PBXBuildFile; fileRef = 04ED7B9E1AA0CE3000D36E0C /* Media.m */; };
		04ED7BA21AA0CEDF00D36E0C /* Comment.m in Sources */ = {isa = PBXBuildFile; fileRef = 04ED7BA11AA0CEDF00D36E0C /* Comment.m */; };
		04ED7BA51AA0D01D00D36E0C /* DataSource.m in Sources */ = {isa = PBXBuildFile; fileRef = 04ED7BA41AA0D01D00D36E0C /* DataSource.m */; };
		04ED7BA81AA11E4600D36E0C /* MediaTableViewCell.m in Sources */ = {isa = PBXBuildFile; fileRef = 04ED7BA71AA11E4600D36E0C /* MediaTableViewCell.m */; };
		04ED7BAB1AA5FAE900D36E0C /* LoginViewController.m in Sources */ = {isa = PBXBuildFile; fileRef = 04ED7BAA1AA5FAE900D36E0C /* LoginViewController.m */; };
		B15735B020EA93AC61A03B6C /* libPods.a in Frameworks */ = {isa = PBXBuildFile; fileRef = 480E1020554D73D97D15A548 /* libPods.a */; };
/* End PBXBuildFile section */

/* Begin PBXContainerItemProxy section */
		04ED7B701AA0B5BB00D36E0C /* PBXContainerItemProxy */ = {
			isa = PBXContainerItemProxy;
			containerPortal = 04ED7B4E1AA0B5BA00D36E0C /* Project object */;
			proxyType = 1;
			remoteGlobalIDString = 04ED7B551AA0B5BB00D36E0C;
			remoteInfo = Blocstagram;
		};
/* End PBXContainerItemProxy section */

/* Begin PBXFileReference section */
		0461E4571AB0C8FD00AA5779 /* MyCollectionViewCell.h */ = {isa = PBXFileReference; fileEncoding = 4; lastKnownFileType = sourcecode.c.h; path = MyCollectionViewCell.h; sourceTree = "<group>"; };
		0461E4581AB0C8FD00AA5779 /* MyCollectionViewCell.m */ = {isa = PBXFileReference; fileEncoding = 4; lastKnownFileType = sourcecode.c.objc; path = MyCollectionViewCell.m; sourceTree = "<group>"; };
		046AC9061AB078AC00F3C9B7 /* Blocstagram-Prefix.pch */ = {isa = PBXFileReference; lastKnownFileType = sourcecode.c.h; path = "Blocstagram-Prefix.pch"; sourceTree = "<group>"; };
		04781C011AA6608B002BEC5E /* MediaFullScreenViewController.h */ = {isa = PBXFileReference; fileEncoding = 4; lastKnownFileType = sourcecode.c.h; path = MediaFullScreenViewController.h; sourceTree = "<group>"; };
		04781C021AA6608B002BEC5E /* MediaFullScreenViewController.m */ = {isa = PBXFileReference; fileEncoding = 4; lastKnownFileType = sourcecode.c.objc; path = MediaFullScreenViewController.m; sourceTree = "<group>"; };
		04781C071AA670A0002BEC5E /* MediaFullScreenAnimator.h */ = {isa = PBXFileReference; fileEncoding = 4; lastKnownFileType = sourcecode.c.h; path = MediaFullScreenAnimator.h; sourceTree = "<group>"; };
		04781C081AA670A0002BEC5E /* MediaFullScreenAnimator.m */ = {isa = PBXFileReference; fileEncoding = 4; lastKnownFileType = sourcecode.c.objc; path = MediaFullScreenAnimator.m; sourceTree = "<group>"; };
		04781C0A1AA79247002BEC5E /* ActivityViewController.h */ = {isa = PBXFileReference; fileEncoding = 4; lastKnownFileType = sourcecode.c.h; path = ActivityViewController.h; sourceTree = "<group>"; };
		04781C0B1AA79247002BEC5E /* ActivityViewController.m */ = {isa = PBXFileReference; fileEncoding = 4; lastKnownFileType = sourcecode.c.objc; path = ActivityViewController.m; sourceTree = "<group>"; };
		04781C191AA8BC75002BEC5E /* CircleSpinnerView.h */ = {isa = PBXFileReference; fileEncoding = 4; lastKnownFileType = sourcecode.c.h; path = CircleSpinnerView.h; sourceTree = "<group>"; };
		04781C1A1AA8BC75002BEC5E /* CircleSpinnerView.m */ = {isa = PBXFileReference; fileEncoding = 4; lastKnownFileType = sourcecode.c.objc; path = CircleSpinnerView.m; sourceTree = "<group>"; };
		04781C1C1AA8E6B3002BEC5E /* LikeButton.h */ = {isa = PBXFileReference; fileEncoding = 4; lastKnownFileType = sourcecode.c.h; path = LikeButton.h; sourceTree = "<group>"; };
		04781C1D1AA8E6B3002BEC5E /* LikeButton.m */ = {isa = PBXFileReference; fileEncoding = 4; lastKnownFileType = sourcecode.c.objc; path = LikeButton.m; sourceTree = "<group>"; };
		04781C1F1AA9F76F002BEC5E /* ComposeCommentView.h */ = {isa = PBXFileReference; fileEncoding = 4; lastKnownFileType = sourcecode.c.h; path = ComposeCommentView.h; sourceTree = "<group>"; };
		04781C201AA9F76F002BEC5E /* ComposeCommentView.m */ = {isa = PBXFileReference; fileEncoding = 4; lastKnownFileType = sourcecode.c.objc; path = ComposeCommentView.m; sourceTree = "<group>"; };
		04A06ECD1AADF275009E8BD6 /* CameraToolbar.h */ = {isa = PBXFileReference; fileEncoding = 4; lastKnownFileType = sourcecode.c.h; path = CameraToolbar.h; sourceTree = "<group>"; };
		04A06ECE1AADF275009E8BD6 /* CameraToolbar.m */ = {isa = PBXFileReference; fileEncoding = 4; lastKnownFileType = sourcecode.c.objc; path = CameraToolbar.m; sourceTree = "<group>"; };
		04A06ED01AADF8B7009E8BD6 /* CameraViewController.h */ = {isa = PBXFileReference; fileEncoding = 4; lastKnownFileType = sourcecode.c.h; path = CameraViewController.h; sourceTree = "<group>"; };
		04A06ED11AADF8B7009E8BD6 /* CameraViewController.m */ = {isa = PBXFileReference; fileEncoding = 4; lastKnownFileType = sourcecode.c.objc; path = CameraViewController.m; sourceTree = "<group>"; };
		04A06ED31AAE16EF009E8BD6 /* UIImage+BLCImageUtilities.h */ = {isa = PBXFileReference; fileEncoding = 4; lastKnownFileType = sourcecode.c.h; path = "UIImage+BLCImageUtilities.h"; sourceTree = "<group>"; };
		04A06ED41AAE16EF009E8BD6 /* UIImage+BLCImageUtilities.m */ = {isa = PBXFileReference; fileEncoding = 4; lastKnownFileType = sourcecode.c.objc; path = "UIImage+BLCImageUtilities.m"; sourceTree = "<group>"; };
		04A06ED61AAE2A99009E8BD6 /* CropBox.h */ = {isa = PBXFileReference; fileEncoding = 4; lastKnownFileType = sourcecode.c.h; path = CropBox.h; sourceTree = "<group>"; };
		04A06ED71AAE2A99009E8BD6 /* CropBox.m */ = {isa = PBXFileReference; fileEncoding = 4; lastKnownFileType = sourcecode.c.objc; path = CropBox.m; sourceTree = "<group>"; };
		04A06ED91AAE341C009E8BD6 /* CropImageViewController.h */ = {isa = PBXFileReference; fileEncoding = 4; lastKnownFileType = sourcecode.c.h; path = CropImageViewController.h; sourceTree = "<group>"; };
		04A06EDA1AAE341C009E8BD6 /* CropImageViewController.m */ = {isa = PBXFileReference; fileEncoding = 4; lastKnownFileType = sourcecode.c.objc; path = CropImageViewController.m; sourceTree = "<group>"; };
		04A06EDC1AAE3A43009E8BD6 /* ImageLibraryViewController.h */ = {isa = PBXFileReference; fileEncoding = 4; lastKnownFileType = sourcecode.c.h; name = ImageLibraryViewController.h; path = ../ImageLibraryViewController.h; sourceTree = "<group>"; };
		04A06EDD1AAE3A43009E8BD6 /* ImageLibraryViewController.m */ = {isa = PBXFileReference; fileEncoding = 4; lastKnownFileType = sourcecode.c.objc; name = ImageLibraryViewController.m; path = ../ImageLibraryViewController.m; sourceTree = "<group>"; };
		04A06EDF1AAF62EE009E8BD6 /* PostToInstagramViewController.h */ = {isa = PBXFileReference; fileEncoding = 4; lastKnownFileType = sourcecode.c.h; path = PostToInstagramViewController.h; sourceTree = "<group>"; };
		04A06EE01AAF62EE009E8BD6 /* PostToInstagramViewController.m */ = {isa = PBXFileReference; fileEncoding = 4; lastKnownFileType = sourcecode.c.objc; path = PostToInstagramViewController.m; sourceTree = "<group>"; };
		04ED7B561AA0B5BB00D36E0C /* Blocstagram.app */ = {isa = PBXFileReference; explicitFileType = wrapper.application; includeInIndex = 0; path = Blocstagram.app; sourceTree = BUILT_PRODUCTS_DIR; };
		04ED7B5A1AA0B5BB00D36E0C /* Info.plist */ = {isa = PBXFileReference; lastKnownFileType = text.plist.xml; path = Info.plist; sourceTree = "<group>"; };
		04ED7B5B1AA0B5BB00D36E0C /* main.m */ = {isa = PBXFileReference; lastKnownFileType = sourcecode.c.objc; path = main.m; sourceTree = "<group>"; };
		04ED7B5D1AA0B5BB00D36E0C /* AppDelegate.h */ = {isa = PBXFileReference; lastKnownFileType = sourcecode.c.h; path = AppDelegate.h; sourceTree = "<group>"; };
		04ED7B5E1AA0B5BB00D36E0C /* AppDelegate.m */ = {isa = PBXFileReference; lastKnownFileType = sourcecode.c.objc; path = AppDelegate.m; sourceTree = "<group>"; };
		04ED7B641AA0B5BB00D36E0C /* Base */ = {isa = PBXFileReference; lastKnownFileType = file.storyboard; name = Base; path = Base.lproj/Main.storyboard; sourceTree = "<group>"; };
		04ED7B661AA0B5BB00D36E0C /* Images.xcassets */ = {isa = PBXFileReference; lastKnownFileType = folder.assetcatalog; path = Images.xcassets; sourceTree = "<group>"; };
		04ED7B691AA0B5BB00D36E0C /* Base */ = {isa = PBXFileReference; lastKnownFileType = file.xib; name = Base; path = Base.lproj/LaunchScreen.xib; sourceTree = "<group>"; };
		04ED7B6F1AA0B5BB00D36E0C /* BlocstagramTests.xctest */ = {isa = PBXFileReference; explicitFileType = wrapper.cfbundle; includeInIndex = 0; path = BlocstagramTests.xctest; sourceTree = BUILT_PRODUCTS_DIR; };
		04ED7B741AA0B5BB00D36E0C /* Info.plist */ = {isa = PBXFileReference; lastKnownFileType = text.plist.xml; path = Info.plist; sourceTree = "<group>"; };
		04ED7B751AA0B5BB00D36E0C /* BlocstagramTests.m */ = {isa = PBXFileReference; lastKnownFileType = sourcecode.c.objc; path = BlocstagramTests.m; sourceTree = "<group>"; };
		04ED7B7F1AA0B69000D36E0C /* ImagesTableViewController.h */ = {isa = PBXFileReference; fileEncoding = 4; lastKnownFileType = sourcecode.c.h; path = ImagesTableViewController.h; sourceTree = "<group>"; };
		04ED7B801AA0B69000D36E0C /* ImagesTableViewController.m */ = {isa = PBXFileReference; fileEncoding = 4; lastKnownFileType = sourcecode.c.objc; path = ImagesTableViewController.m; sourceTree = "<group>"; };
		04ED7B9A1AA0CDEE00D36E0C /* User.h */ = {isa = PBXFileReference; fileEncoding = 4; lastKnownFileType = sourcecode.c.h; path = User.h; sourceTree = "<group>"; };
		04ED7B9B1AA0CDEE00D36E0C /* User.m */ = {isa = PBXFileReference; fileEncoding = 4; lastKnownFileType = sourcecode.c.objc; path = User.m; sourceTree = "<group>"; };
		04ED7B9D1AA0CE3000D36E0C /* Media.h */ = {isa = PBXFileReference; fileEncoding = 4; lastKnownFileType = sourcecode.c.h; path = Media.h; sourceTree = "<group>"; };
		04ED7B9E1AA0CE3000D36E0C /* Media.m */ = {isa = PBXFileReference; fileEncoding = 4; lastKnownFileType = sourcecode.c.objc; path = Media.m; sourceTree = "<group>"; };
		04ED7BA01AA0CEDF00D36E0C /* Comment.h */ = {isa = PBXFileReference; fileEncoding = 4; lastKnownFileType = sourcecode.c.h; path = Comment.h; sourceTree = "<group>"; };
		04ED7BA11AA0CEDF00D36E0C /* Comment.m */ = {isa = PBXFileReference; fileEncoding = 4; lastKnownFileType = sourcecode.c.objc; path = Comment.m; sourceTree = "<group>"; };
		04ED7BA31AA0D01D00D36E0C /* DataSource.h */ = {isa = PBXFileReference; fileEncoding = 4; lastKnownFileType = sourcecode.c.h; path = DataSource.h; sourceTree = "<group>"; };
		04ED7BA41AA0D01D00D36E0C /* DataSource.m */ = {isa = PBXFileReference; fileEncoding = 4; lastKnownFileType = sourcecode.c.objc; path = DataSource.m; sourceTree = "<group>"; };
		04ED7BA61AA11E4600D36E0C /* MediaTableViewCell.h */ = {isa = PBXFileReference; fileEncoding = 4; lastKnownFileType = sourcecode.c.h; path = MediaTableViewCell.h; sourceTree = "<group>"; };
		04ED7BA71AA11E4600D36E0C /* MediaTableViewCell.m */ = {isa = PBXFileReference; fileEncoding = 4; lastKnownFileType = sourcecode.c.objc; path = MediaTableViewCell.m; sourceTree = "<group>"; };
		04ED7BA91AA5FAE900D36E0C /* LoginViewController.h */ = {isa = PBXFileReference; fileEncoding = 4; lastKnownFileType = sourcecode.c.h; path = LoginViewController.h; sourceTree = "<group>"; };
		04ED7BAA1AA5FAE900D36E0C /* LoginViewController.m */ = {isa = PBXFileReference; fileEncoding = 4; lastKnownFileType = sourcecode.c.objc; path = LoginViewController.m; sourceTree = "<group>"; };
		0EBE4C69DC9B7716EE16FD9E /* Pods.release.xcconfig */ = {isa = PBXFileReference; includeInIndex = 1; lastKnownFileType = text.xcconfig; name = Pods.release.xcconfig; path = "Pods/Target Support Files/Pods/Pods.release.xcconfig"; sourceTree = "<group>"; };
		480E1020554D73D97D15A548 /* libPods.a */ = {isa = PBXFileReference; explicitFileType = archive.ar; includeInIndex = 0; path = libPods.a; sourceTree = BUILT_PRODUCTS_DIR; };
		C4E3A8E83F0CCC174067EC4B /* Pods.debug.xcconfig */ = {isa = PBXFileReference; includeInIndex = 1; lastKnownFileType = text.xcconfig; name = Pods.debug.xcconfig; path = "Pods/Target Support Files/Pods/Pods.debug.xcconfig"; sourceTree = "<group>"; };
/* End PBXFileReference section */

/* Begin PBXFrameworksBuildPhase section */
		04ED7B531AA0B5BB00D36E0C /* Frameworks */ = {
			isa = PBXFrameworksBuildPhase;
			buildActionMask = 2147483647;
			files = (
				B15735B020EA93AC61A03B6C /* libPods.a in Frameworks */,
			);
			runOnlyForDeploymentPostprocessing = 0;
		};
		04ED7B6C1AA0B5BB00D36E0C /* Frameworks */ = {
			isa = PBXFrameworksBuildPhase;
			buildActionMask = 2147483647;
			files = (
			);
			runOnlyForDeploymentPostprocessing = 0;
		};
/* End PBXFrameworksBuildPhase section */

/* Begin PBXGroup section */
		00B7E9705F595E687437D3CF /* Pods */ = {
			isa = PBXGroup;
			children = (
				C4E3A8E83F0CCC174067EC4B /* Pods.debug.xcconfig */,
				0EBE4C69DC9B7716EE16FD9E /* Pods.release.xcconfig */,
			);
			name = Pods;
			sourceTree = "<group>";
		};
		04ED7B4D1AA0B5BA00D36E0C = {
			isa = PBXGroup;
			children = (
				04ED7B581AA0B5BB00D36E0C /* Blocstagram */,
				04ED7B721AA0B5BB00D36E0C /* BlocstagramTests */,
				04ED7B571AA0B5BB00D36E0C /* Products */,
				00B7E9705F595E687437D3CF /* Pods */,
				12797A439F062A0D4BD57AB2 /* Frameworks */,
			);
			sourceTree = "<group>";
		};
		04ED7B571AA0B5BB00D36E0C /* Products */ = {
			isa = PBXGroup;
			children = (
				04ED7B561AA0B5BB00D36E0C /* Blocstagram.app */,
				04ED7B6F1AA0B5BB00D36E0C /* BlocstagramTests.xctest */,
			);
			name = Products;
			sourceTree = "<group>";
		};
		04ED7B581AA0B5BB00D36E0C /* Blocstagram */ = {
			isa = PBXGroup;
			children = (
				04781C0A1AA79247002BEC5E /* ActivityViewController.h */,
				04781C0B1AA79247002BEC5E /* ActivityViewController.m */,
				04ED7B5D1AA0B5BB00D36E0C /* AppDelegate.h */,
				04ED7B5E1AA0B5BB00D36E0C /* AppDelegate.m */,
				04A06ECD1AADF275009E8BD6 /* CameraToolbar.h */,
				04A06ECE1AADF275009E8BD6 /* CameraToolbar.m */,
				04A06ED01AADF8B7009E8BD6 /* CameraViewController.h */,
				04A06ED11AADF8B7009E8BD6 /* CameraViewController.m */,
				04781C191AA8BC75002BEC5E /* CircleSpinnerView.h */,
				04781C1A1AA8BC75002BEC5E /* CircleSpinnerView.m */,
				04ED7BA01AA0CEDF00D36E0C /* Comment.h */,
				04ED7BA11AA0CEDF00D36E0C /* Comment.m */,
				04781C1F1AA9F76F002BEC5E /* ComposeCommentView.h */,
				04781C201AA9F76F002BEC5E /* ComposeCommentView.m */,
				04A06ED61AAE2A99009E8BD6 /* CropBox.h */,
				04A06ED71AAE2A99009E8BD6 /* CropBox.m */,
				04A06ED91AAE341C009E8BD6 /* CropImageViewController.h */,
				04A06EDA1AAE341C009E8BD6 /* CropImageViewController.m */,
				04ED7BA31AA0D01D00D36E0C /* DataSource.h */,
				04ED7BA41AA0D01D00D36E0C /* DataSource.m */,
				04A06EDC1AAE3A43009E8BD6 /* ImageLibraryViewController.h */,
				04A06EDD1AAE3A43009E8BD6 /* ImageLibraryViewController.m */,
				04ED7B661AA0B5BB00D36E0C /* Images.xcassets */,
				04ED7B7F1AA0B69000D36E0C /* ImagesTableViewController.h */,
				04ED7B801AA0B69000D36E0C /* ImagesTableViewController.m */,
				04ED7B681AA0B5BB00D36E0C /* LaunchScreen.xib */,
				04781C1C1AA8E6B3002BEC5E /* LikeButton.h */,
				04781C1D1AA8E6B3002BEC5E /* LikeButton.m */,
				04ED7BA91AA5FAE900D36E0C /* LoginViewController.h */,
				04ED7BAA1AA5FAE900D36E0C /* LoginViewController.m */,
				04ED7B631AA0B5BB00D36E0C /* Main.storyboard */,
				04ED7B9D1AA0CE3000D36E0C /* Media.h */,
				04ED7B9E1AA0CE3000D36E0C /* Media.m */,
				04781C071AA670A0002BEC5E /* MediaFullScreenAnimator.h */,
				04781C081AA670A0002BEC5E /* MediaFullScreenAnimator.m */,
				04781C011AA6608B002BEC5E /* MediaFullScreenViewController.h */,
				04781C021AA6608B002BEC5E /* MediaFullScreenViewController.m */,
				04ED7BA61AA11E4600D36E0C /* MediaTableViewCell.h */,
				04ED7BA71AA11E4600D36E0C /* MediaTableViewCell.m */,
				04ED7B591AA0B5BB00D36E0C /* Supporting Files */,
				04A06ED31AAE16EF009E8BD6 /* UIImage+BLCImageUtilities.h */,
				04A06ED41AAE16EF009E8BD6 /* UIImage+BLCImageUtilities.m */,
				04ED7B9A1AA0CDEE00D36E0C /* User.h */,
				04ED7B9B1AA0CDEE00D36E0C /* User.m */,
				04A06EDF1AAF62EE009E8BD6 /* PostToInstagramViewController.h */,
				04A06EE01AAF62EE009E8BD6 /* PostToInstagramViewController.m */,
				046AC9061AB078AC00F3C9B7 /* Blocstagram-Prefix.pch */,
				0461E4571AB0C8FD00AA5779 /* MyCollectionViewCell.h */,
				0461E4581AB0C8FD00AA5779 /* MyCollectionViewCell.m */,
			);
			path = Blocstagram;
			sourceTree = "<group>";
		};
		04ED7B591AA0B5BB00D36E0C /* Supporting Files */ = {
			isa = PBXGroup;
			children = (
				04ED7B5A1AA0B5BB00D36E0C /* Info.plist */,
				04ED7B5B1AA0B5BB00D36E0C /* main.m */,
			);
			name = "Supporting Files";
			sourceTree = "<group>";
		};
		04ED7B721AA0B5BB00D36E0C /* BlocstagramTests */ = {
			isa = PBXGroup;
			children = (
				04ED7B751AA0B5BB00D36E0C /* BlocstagramTests.m */,
				04ED7B731AA0B5BB00D36E0C /* Supporting Files */,
			);
			path = BlocstagramTests;
			sourceTree = "<group>";
		};
		04ED7B731AA0B5BB00D36E0C /* Supporting Files */ = {
			isa = PBXGroup;
			children = (
				04ED7B741AA0B5BB00D36E0C /* Info.plist */,
			);
			name = "Supporting Files";
			sourceTree = "<group>";
		};
		12797A439F062A0D4BD57AB2 /* Frameworks */ = {
			isa = PBXGroup;
			children = (
				480E1020554D73D97D15A548 /* libPods.a */,
			);
			name = Frameworks;
			sourceTree = "<group>";
		};
/* End PBXGroup section */

/* Begin PBXNativeTarget section */
		04ED7B551AA0B5BB00D36E0C /* Blocstagram */ = {
			isa = PBXNativeTarget;
			buildConfigurationList = 04ED7B791AA0B5BB00D36E0C /* Build configuration list for PBXNativeTarget "Blocstagram" */;
			buildPhases = (
				E06C7B5EF4DD4911FFCBE701 /* Check Pods Manifest.lock */,
				04ED7B521AA0B5BB00D36E0C /* Sources */,
				04ED7B531AA0B5BB00D36E0C /* Frameworks */,
				04ED7B541AA0B5BB00D36E0C /* Resources */,
				88419F4CC32A9DF1F6B9F5C8 /* Copy Pods Resources */,
			);
			buildRules = (
			);
			dependencies = (
			);
			name = Blocstagram;
			productName = Blocstagram;
			productReference = 04ED7B561AA0B5BB00D36E0C /* Blocstagram.app */;
			productType = "com.apple.product-type.application";
		};
		04ED7B6E1AA0B5BB00D36E0C /* BlocstagramTests */ = {
			isa = PBXNativeTarget;
			buildConfigurationList = 04ED7B7C1AA0B5BB00D36E0C /* Build configuration list for PBXNativeTarget "BlocstagramTests" */;
			buildPhases = (
				04ED7B6B1AA0B5BB00D36E0C /* Sources */,
				04ED7B6C1AA0B5BB00D36E0C /* Frameworks */,
				04ED7B6D1AA0B5BB00D36E0C /* Resources */,
			);
			buildRules = (
			);
			dependencies = (
				04ED7B711AA0B5BB00D36E0C /* PBXTargetDependency */,
			);
			name = BlocstagramTests;
			productName = BlocstagramTests;
			productReference = 04ED7B6F1AA0B5BB00D36E0C /* BlocstagramTests.xctest */;
			productType = "com.apple.product-type.bundle.unit-test";
		};
/* End PBXNativeTarget section */

/* Begin PBXProject section */
		04ED7B4E1AA0B5BA00D36E0C /* Project object */ = {
			isa = PBXProject;
			attributes = {
				LastUpgradeCheck = 0610;
				ORGANIZATIONNAME = Bloc;
				TargetAttributes = {
					04ED7B551AA0B5BB00D36E0C = {
						CreatedOnToolsVersion = 6.1.1;
					};
					04ED7B6E1AA0B5BB00D36E0C = {
						CreatedOnToolsVersion = 6.1.1;
						TestTargetID = 04ED7B551AA0B5BB00D36E0C;
					};
				};
			};
			buildConfigurationList = 04ED7B511AA0B5BA00D36E0C /* Build configuration list for PBXProject "Blocstagram" */;
			compatibilityVersion = "Xcode 3.2";
			developmentRegion = English;
			hasScannedForEncodings = 0;
			knownRegions = (
				en,
				Base,
			);
			mainGroup = 04ED7B4D1AA0B5BA00D36E0C;
			productRefGroup = 04ED7B571AA0B5BB00D36E0C /* Products */;
			projectDirPath = "";
			projectRoot = "";
			targets = (
				04ED7B551AA0B5BB00D36E0C /* Blocstagram */,
				04ED7B6E1AA0B5BB00D36E0C /* BlocstagramTests */,
			);
		};
/* End PBXProject section */

/* Begin PBXResourcesBuildPhase section */
		04ED7B541AA0B5BB00D36E0C /* Resources */ = {
			isa = PBXResourcesBuildPhase;
			buildActionMask = 2147483647;
			files = (
				04ED7B651AA0B5BB00D36E0C /* Main.storyboard in Resources */,
				04ED7B6A1AA0B5BB00D36E0C /* LaunchScreen.xib in Resources */,
				04ED7B671AA0B5BB00D36E0C /* Images.xcassets in Resources */,
			);
			runOnlyForDeploymentPostprocessing = 0;
		};
		04ED7B6D1AA0B5BB00D36E0C /* Resources */ = {
			isa = PBXResourcesBuildPhase;
			buildActionMask = 2147483647;
			files = (
			);
			runOnlyForDeploymentPostprocessing = 0;
		};
/* End PBXResourcesBuildPhase section */

/* Begin PBXShellScriptBuildPhase section */
		88419F4CC32A9DF1F6B9F5C8 /* Copy Pods Resources */ = {
			isa = PBXShellScriptBuildPhase;
			buildActionMask = 2147483647;
			files = (
			);
			inputPaths = (
			);
			name = "Copy Pods Resources";
			outputPaths = (
			);
			runOnlyForDeploymentPostprocessing = 0;
			shellPath = /bin/sh;
			shellScript = "\"${SRCROOT}/Pods/Target Support Files/Pods/Pods-resources.sh\"\n";
			showEnvVarsInLog = 0;
		};
		E06C7B5EF4DD4911FFCBE701 /* Check Pods Manifest.lock */ = {
			isa = PBXShellScriptBuildPhase;
			buildActionMask = 2147483647;
			files = (
			);
			inputPaths = (
			);
			name = "Check Pods Manifest.lock";
			outputPaths = (
			);
			runOnlyForDeploymentPostprocessing = 0;
			shellPath = /bin/sh;
			shellScript = "diff \"${PODS_ROOT}/../Podfile.lock\" \"${PODS_ROOT}/Manifest.lock\" > /dev/null\nif [[ $? != 0 ]] ; then\n    cat << EOM\nerror: The sandbox is not in sync with the Podfile.lock. Run 'pod install' or update your CocoaPods installation.\nEOM\n    exit 1\nfi\n";
			showEnvVarsInLog = 0;
		};
/* End PBXShellScriptBuildPhase section */

/* Begin PBXSourcesBuildPhase section */
		04ED7B521AA0B5BB00D36E0C /* Sources */ = {
			isa = PBXSourcesBuildPhase;
			buildActionMask = 2147483647;
			files = (
				04A06EDE1AAE3A43009E8BD6 /* ImageLibraryViewController.m in Sources */,
				04ED7BA21AA0CEDF00D36E0C /* Comment.m in Sources */,
				04ED7B9F1AA0CE3000D36E0C /* Media.m in Sources */,
				04ED7BA81AA11E4600D36E0C /* MediaTableViewCell.m in Sources */,
				04781C211AA9F76F002BEC5E /* ComposeCommentView.m in Sources */,
				04ED7BA51AA0D01D00D36E0C /* DataSource.m in Sources */,
				04781C1B1AA8BC75002BEC5E /* CircleSpinnerView.m in Sources */,
				04A06ED51AAE16EF009E8BD6 /* UIImage+BLCImageUtilities.m in Sources */,
				04A06ECF1AADF275009E8BD6 /* CameraToolbar.m in Sources */,
				04ED7BAB1AA5FAE900D36E0C /* LoginViewController.m in Sources */,
				04ED7B9C1AA0CDEE00D36E0C /* User.m in Sources */,
				04781C031AA6608B002BEC5E /* MediaFullScreenViewController.m in Sources */,
				04A06ED21AADF8B7009E8BD6 /* CameraViewController.m in Sources */,
				04ED7B5F1AA0B5BB00D36E0C /* AppDelegate.m in Sources */,
				04781C0C1AA79247002BEC5E /* ActivityViewController.m in Sources */,
				04A06EDB1AAE341C009E8BD6 /* CropImageViewController.m in Sources */,
				04781C1E1AA8E6B3002BEC5E /* LikeButton.m in Sources */,
				04ED7B5C1AA0B5BB00D36E0C /* main.m in Sources */,
				04A06EE11AAF62EE009E8BD6 /* PostToInstagramViewController.m in Sources */,
				0461E4591AB0C8FD00AA5779 /* MyCollectionViewCell.m in Sources */,
				04781C091AA670A0002BEC5E /* MediaFullScreenAnimator.m in Sources */,
				04ED7B811AA0B69000D36E0C /* ImagesTableViewController.m in Sources */,
				04A06ED81AAE2A99009E8BD6 /* CropBox.m in Sources */,
			);
			runOnlyForDeploymentPostprocessing = 0;
		};
		04ED7B6B1AA0B5BB00D36E0C /* Sources */ = {
			isa = PBXSourcesBuildPhase;
			buildActionMask = 2147483647;
			files = (
				04ED7B761AA0B5BB00D36E0C /* BlocstagramTests.m in Sources */,
			);
			runOnlyForDeploymentPostprocessing = 0;
		};
/* End PBXSourcesBuildPhase section */

/* Begin PBXTargetDependency section */
		04ED7B711AA0B5BB00D36E0C /* PBXTargetDependency */ = {
			isa = PBXTargetDependency;
			target = 04ED7B551AA0B5BB00D36E0C /* Blocstagram */;
			targetProxy = 04ED7B701AA0B5BB00D36E0C /* PBXContainerItemProxy */;
		};
/* End PBXTargetDependency section */

/* Begin PBXVariantGroup section */
		04ED7B631AA0B5BB00D36E0C /* Main.storyboard */ = {
			isa = PBXVariantGroup;
			children = (
				04ED7B641AA0B5BB00D36E0C /* Base */,
			);
			name = Main.storyboard;
			sourceTree = "<group>";
		};
		04ED7B681AA0B5BB00D36E0C /* LaunchScreen.xib */ = {
			isa = PBXVariantGroup;
			children = (
				04ED7B691AA0B5BB00D36E0C /* Base */,
			);
			name = LaunchScreen.xib;
			sourceTree = "<group>";
		};
/* End PBXVariantGroup section */

/* Begin XCBuildConfiguration section */
		04ED7B771AA0B5BB00D36E0C /* Debug */ = {
			isa = XCBuildConfiguration;
			buildSettings = {
				ALWAYS_SEARCH_USER_PATHS = NO;
				CLANG_CXX_LANGUAGE_STANDARD = "gnu++0x";
				CLANG_CXX_LIBRARY = "libc++";
				CLANG_ENABLE_MODULES = YES;
				CLANG_ENABLE_OBJC_ARC = YES;
				CLANG_WARN_BOOL_CONVERSION = YES;
				CLANG_WARN_CONSTANT_CONVERSION = YES;
				CLANG_WARN_DIRECT_OBJC_ISA_USAGE = YES_ERROR;
				CLANG_WARN_EMPTY_BODY = YES;
				CLANG_WARN_ENUM_CONVERSION = YES;
				CLANG_WARN_INT_CONVERSION = YES;
				CLANG_WARN_OBJC_ROOT_CLASS = YES_ERROR;
				CLANG_WARN_UNREACHABLE_CODE = YES;
				CLANG_WARN__DUPLICATE_METHOD_MATCH = YES;
				"CODE_SIGN_IDENTITY[sdk=iphoneos*]" = "iPhone Developer";
				COPY_PHASE_STRIP = NO;
				ENABLE_STRICT_OBJC_MSGSEND = YES;
				GCC_C_LANGUAGE_STANDARD = gnu99;
				GCC_DYNAMIC_NO_PIC = NO;
				GCC_OPTIMIZATION_LEVEL = 0;
				GCC_PREPROCESSOR_DEFINITIONS = (
					"DEBUG=1",
					"$(inherited)",
				);
				GCC_SYMBOLS_PRIVATE_EXTERN = NO;
				GCC_WARN_64_TO_32_BIT_CONVERSION = YES;
				GCC_WARN_ABOUT_RETURN_TYPE = YES_ERROR;
				GCC_WARN_UNDECLARED_SELECTOR = YES;
				GCC_WARN_UNINITIALIZED_AUTOS = YES_AGGRESSIVE;
				GCC_WARN_UNUSED_FUNCTION = YES;
				GCC_WARN_UNUSED_VARIABLE = YES;
				IPHONEOS_DEPLOYMENT_TARGET = 8.1;
				MTL_ENABLE_DEBUG_INFO = YES;
				ONLY_ACTIVE_ARCH = YES;
				SDKROOT = iphoneos;
				TARGETED_DEVICE_FAMILY = "1,2";
			};
			name = Debug;
		};
		04ED7B781AA0B5BB00D36E0C /* Release */ = {
			isa = XCBuildConfiguration;
			buildSettings = {
				ALWAYS_SEARCH_USER_PATHS = NO;
				CLANG_CXX_LANGUAGE_STANDARD = "gnu++0x";
				CLANG_CXX_LIBRARY = "libc++";
				CLANG_ENABLE_MODULES = YES;
				CLANG_ENABLE_OBJC_ARC = YES;
				CLANG_WARN_BOOL_CONVERSION = YES;
				CLANG_WARN_CONSTANT_CONVERSION = YES;
				CLANG_WARN_DIRECT_OBJC_ISA_USAGE = YES_ERROR;
				CLANG_WARN_EMPTY_BODY = YES;
				CLANG_WARN_ENUM_CONVERSION = YES;
				CLANG_WARN_INT_CONVERSION = YES;
				CLANG_WARN_OBJC_ROOT_CLASS = YES_ERROR;
				CLANG_WARN_UNREACHABLE_CODE = YES;
				CLANG_WARN__DUPLICATE_METHOD_MATCH = YES;
				"CODE_SIGN_IDENTITY[sdk=iphoneos*]" = "iPhone Developer";
				COPY_PHASE_STRIP = YES;
				ENABLE_NS_ASSERTIONS = NO;
				ENABLE_STRICT_OBJC_MSGSEND = YES;
				GCC_C_LANGUAGE_STANDARD = gnu99;
				GCC_WARN_64_TO_32_BIT_CONVERSION = YES;
				GCC_WARN_ABOUT_RETURN_TYPE = YES_ERROR;
				GCC_WARN_UNDECLARED_SELECTOR = YES;
				GCC_WARN_UNINITIALIZED_AUTOS = YES_AGGRESSIVE;
				GCC_WARN_UNUSED_FUNCTION = YES;
				GCC_WARN_UNUSED_VARIABLE = YES;
				IPHONEOS_DEPLOYMENT_TARGET = 8.1;
				MTL_ENABLE_DEBUG_INFO = NO;
				SDKROOT = iphoneos;
				TARGETED_DEVICE_FAMILY = "1,2";
				VALIDATE_PRODUCT = YES;
			};
			name = Release;
		};
		04ED7B7A1AA0B5BB00D36E0C /* Debug */ = {
			isa = XCBuildConfiguration;
			baseConfigurationReference = C4E3A8E83F0CCC174067EC4B /* Pods.debug.xcconfig */;
			buildSettings = {
				ASSETCATALOG_COMPILER_APPICON_NAME = AppIcon;
				GCC_PRECOMPILE_PREFIX_HEADER = NO;
				GCC_PREFIX_HEADER = "$(SRCROOT)/Blocstagram/Blocstagram-Prefix.pch";
				INFOPLIST_FILE = Blocstagram/Info.plist;
				LD_RUNPATH_SEARCH_PATHS = "$(inherited) @executable_path/Frameworks";
				PRODUCT_NAME = "$(TARGET_NAME)";
			};
			name = Debug;
		};
		04ED7B7B1AA0B5BB00D36E0C /* Release */ = {
			isa = XCBuildConfiguration;
			baseConfigurationReference = 0EBE4C69DC9B7716EE16FD9E /* Pods.release.xcconfig */;
			buildSettings = {
				ASSETCATALOG_COMPILER_APPICON_NAME = AppIcon;
				GCC_PRECOMPILE_PREFIX_HEADER = NO;
				GCC_PREFIX_HEADER = "$(SRCROOT)/Blocstagram/Blocstagram-Prefix.pch";
				INFOPLIST_FILE = Blocstagram/Info.plist;
				LD_RUNPATH_SEARCH_PATHS = "$(inherited) @executable_path/Frameworks";
				PRODUCT_NAME = "$(TARGET_NAME)";
			};
			name = Release;
		};
		04ED7B7D1AA0B5BB00D36E0C /* Debug */ = {
			isa = XCBuildConfiguration;
			buildSettings = {
				BUNDLE_LOADER = "$(TEST_HOST)";
				FRAMEWORK_SEARCH_PATHS = (
					"$(SDKROOT)/Developer/Library/Frameworks",
					"$(inherited)",
				);
				GCC_PREPROCESSOR_DEFINITIONS = (
					"DEBUG=1",
					"$(inherited)",
				);
				INFOPLIST_FILE = BlocstagramTests/Info.plist;
				LD_RUNPATH_SEARCH_PATHS = "$(inherited) @executable_path/Frameworks @loader_path/Frameworks";
				PRODUCT_NAME = "$(TARGET_NAME)";
				TEST_HOST = "$(BUILT_PRODUCTS_DIR)/Blocstagram.app/Blocstagram";
			};
			name = Debug;
		};
		04ED7B7E1AA0B5BB00D36E0C /* Release */ = {
			isa = XCBuildConfiguration;
			buildSettings = {
				BUNDLE_LOADER = "$(TEST_HOST)";
				FRAMEWORK_SEARCH_PATHS = (
					"$(SDKROOT)/Developer/Library/Frameworks",
					"$(inherited)",
				);
				INFOPLIST_FILE = BlocstagramTests/Info.plist;
				LD_RUNPATH_SEARCH_PATHS = "$(inherited) @executable_path/Frameworks @loader_path/Frameworks";
				PRODUCT_NAME = "$(TARGET_NAME)";
				TEST_HOST = "$(BUILT_PRODUCTS_DIR)/Blocstagram.app/Blocstagram";
			};
			name = Release;
		};
/* End XCBuildConfiguration section */

/* Begin XCConfigurationList section */
		04ED7B511AA0B5BA00D36E0C /* Build configuration list for PBXProject "Blocstagram" */ = {
			isa = XCConfigurationList;
			buildConfigurations = (
				04ED7B771AA0B5BB00D36E0C /* Debug */,
				04ED7B781AA0B5BB00D36E0C /* Release */,
			);
			defaultConfigurationIsVisible = 0;
			defaultConfigurationName = Release;
		};
		04ED7B791AA0B5BB00D36E0C /* Build configuration list for PBXNativeTarget "Blocstagram" */ = {
			isa = XCConfigurationList;
			buildConfigurations = (
				04ED7B7A1AA0B5BB00D36E0C /* Debug */,
				04ED7B7B1AA0B5BB00D36E0C /* Release */,
			);
			defaultConfigurationIsVisible = 0;
			defaultConfigurationName = Release;
		};
		04ED7B7C1AA0B5BB00D36E0C /* Build configuration list for PBXNativeTarget "BlocstagramTests" */ = {
			isa = XCConfigurationList;
			buildConfigurations = (
				04ED7B7D1AA0B5BB00D36E0C /* Debug */,
				04ED7B7E1AA0B5BB00D36E0C /* Release */,
			);
			defaultConfigurationIsVisible = 0;
			defaultConfigurationName = Release;
		};
/* End XCConfigurationList section */
	};
	rootObject = 04ED7B4E1AA0B5BA00D36E0C /* Project object */;
}
